// !$*UTF8*$!
{
	archiveVersion = 1;
	classes = {
	};
	objectVersion = 56;
	objects = {

/* Begin PBXBuildFile section */
		350113242A66C49100E16D8E /* PhotoAIApp.swift in Sources */ = {isa = PBXBuildFile; fileRef = 350113232A66C49100E16D8E /* PhotoAIApp.swift */; };
		350113262A66C49100E16D8E /* ContentView.swift in Sources */ = {isa = PBXBuildFile; fileRef = 350113252A66C49100E16D8E /* ContentView.swift */; };
		350113282A66C49200E16D8E /* Assets.xcassets in Resources */ = {isa = PBXBuildFile; fileRef = 350113272A66C49200E16D8E /* Assets.xcassets */; };
		3501132B2A66C49200E16D8E /* Preview Assets.xcassets in Resources */ = {isa = PBXBuildFile; fileRef = 3501132A2A66C49200E16D8E /* Preview Assets.xcassets */; };
		3501132D2A66C49200E16D8E /* Persistence.swift in Sources */ = {isa = PBXBuildFile; fileRef = 3501132C2A66C49200E16D8E /* Persistence.swift */; };
		350113302A66C49200E16D8E /* PhotoAI.xcdatamodeld in Sources */ = {isa = PBXBuildFile; fileRef = 3501132E2A66C49200E16D8E /* PhotoAI.xcdatamodeld */; };
		3501133A2A66C49200E16D8E /* PhotoAITests.swift in Sources */ = {isa = PBXBuildFile; fileRef = 350113392A66C49200E16D8E /* PhotoAITests.swift */; };
		350113442A66C49200E16D8E /* PhotoAIUITests.swift in Sources */ = {isa = PBXBuildFile; fileRef = 350113432A66C49200E16D8E /* PhotoAIUITests.swift */; };
		350113462A66C49200E16D8E /* PhotoAIUITestsLaunchTests.swift in Sources */ = {isa = PBXBuildFile; fileRef = 350113452A66C49200E16D8E /* PhotoAIUITestsLaunchTests.swift */; };
		350113532A66C50D00E16D8E /* PaywallView.swift in Sources */ = {isa = PBXBuildFile; fileRef = 350113522A66C50D00E16D8E /* PaywallView.swift */; };
		350113552A66EC0800E16D8E /* SignUpCard.swift in Sources */ = {isa = PBXBuildFile; fileRef = 350113542A66EC0800E16D8E /* SignUpCard.swift */; };
		350113582A66EC7900E16D8E /* GradientText.swift in Sources */ = {isa = PBXBuildFile; fileRef = 350113562A66EC7800E16D8E /* GradientText.swift */; };
		350113592A66EC7900E16D8E /* GradientButton.swift in Sources */ = {isa = PBXBuildFile; fileRef = 350113572A66EC7900E16D8E /* GradientButton.swift */; };
		3501135C2A66ECA400E16D8E /* VisualEffectBlur.swift in Sources */ = {isa = PBXBuildFile; fileRef = 3501135B2A66ECA400E16D8E /* VisualEffectBlur.swift */; };
		3501135E2A66ECAE00E16D8E /* TextfieldIcon.swift in Sources */ = {isa = PBXBuildFile; fileRef = 3501135D2A66ECAE00E16D8E /* TextfieldIcon.swift */; };
		350113602A681F1A00E16D8E /* WhiteImage.swift in Sources */ = {isa = PBXBuildFile; fileRef = 3501135F2A681F1A00E16D8E /* WhiteImage.swift */; };
		350113622A68216C00E16D8E /* ButtonModifiers.swift in Sources */ = {isa = PBXBuildFile; fileRef = 350113612A68216C00E16D8E /* ButtonModifiers.swift */; };
		350113642A68250A00E16D8E /* LogoHorizontalScroll.swift in Sources */ = {isa = PBXBuildFile; fileRef = 350113632A68250A00E16D8E /* LogoHorizontalScroll.swift */; };
/* End PBXBuildFile section */

/* Begin PBXContainerItemProxy section */
		350113362A66C49200E16D8E /* PBXContainerItemProxy */ = {
			isa = PBXContainerItemProxy;
			containerPortal = 350113182A66C49000E16D8E /* Project object */;
			proxyType = 1;
			remoteGlobalIDString = 3501131F2A66C49100E16D8E;
			remoteInfo = PhotoAI;
		};
		350113402A66C49200E16D8E /* PBXContainerItemProxy */ = {
			isa = PBXContainerItemProxy;
			containerPortal = 350113182A66C49000E16D8E /* Project object */;
			proxyType = 1;
			remoteGlobalIDString = 3501131F2A66C49100E16D8E;
			remoteInfo = PhotoAI;
		};
/* End PBXContainerItemProxy section */

/* Begin PBXFileReference section */
		350113202A66C49100E16D8E /* PhotoAI.app */ = {isa = PBXFileReference; explicitFileType = wrapper.application; includeInIndex = 0; path = PhotoAI.app; sourceTree = BUILT_PRODUCTS_DIR; };
		350113232A66C49100E16D8E /* PhotoAIApp.swift */ = {isa = PBXFileReference; lastKnownFileType = sourcecode.swift; path = PhotoAIApp.swift; sourceTree = "<group>"; };
		350113252A66C49100E16D8E /* ContentView.swift */ = {isa = PBXFileReference; lastKnownFileType = sourcecode.swift; path = ContentView.swift; sourceTree = "<group>"; };
		350113272A66C49200E16D8E /* Assets.xcassets */ = {isa = PBXFileReference; lastKnownFileType = folder.assetcatalog; path = Assets.xcassets; sourceTree = "<group>"; };
		3501132A2A66C49200E16D8E /* Preview Assets.xcassets */ = {isa = PBXFileReference; lastKnownFileType = folder.assetcatalog; path = "Preview Assets.xcassets"; sourceTree = "<group>"; };
		3501132C2A66C49200E16D8E /* Persistence.swift */ = {isa = PBXFileReference; lastKnownFileType = sourcecode.swift; path = Persistence.swift; sourceTree = "<group>"; };
		3501132F2A66C49200E16D8E /* PhotoAI.xcdatamodel */ = {isa = PBXFileReference; lastKnownFileType = wrapper.xcdatamodel; path = PhotoAI.xcdatamodel; sourceTree = "<group>"; };
		350113352A66C49200E16D8E /* PhotoAITests.xctest */ = {isa = PBXFileReference; explicitFileType = wrapper.cfbundle; includeInIndex = 0; path = PhotoAITests.xctest; sourceTree = BUILT_PRODUCTS_DIR; };
		350113392A66C49200E16D8E /* PhotoAITests.swift */ = {isa = PBXFileReference; lastKnownFileType = sourcecode.swift; path = PhotoAITests.swift; sourceTree = "<group>"; };
		3501133F2A66C49200E16D8E /* PhotoAIUITests.xctest */ = {isa = PBXFileReference; explicitFileType = wrapper.cfbundle; includeInIndex = 0; path = PhotoAIUITests.xctest; sourceTree = BUILT_PRODUCTS_DIR; };
		350113432A66C49200E16D8E /* PhotoAIUITests.swift */ = {isa = PBXFileReference; lastKnownFileType = sourcecode.swift; path = PhotoAIUITests.swift; sourceTree = "<group>"; };
		350113452A66C49200E16D8E /* PhotoAIUITestsLaunchTests.swift */ = {isa = PBXFileReference; lastKnownFileType = sourcecode.swift; path = PhotoAIUITestsLaunchTests.swift; sourceTree = "<group>"; };
		350113522A66C50D00E16D8E /* PaywallView.swift */ = {isa = PBXFileReference; lastKnownFileType = sourcecode.swift; path = PaywallView.swift; sourceTree = "<group>"; };
		350113542A66EC0800E16D8E /* SignUpCard.swift */ = {isa = PBXFileReference; lastKnownFileType = sourcecode.swift; path = SignUpCard.swift; sourceTree = "<group>"; };
		350113562A66EC7800E16D8E /* GradientText.swift */ = {isa = PBXFileReference; fileEncoding = 4; lastKnownFileType = sourcecode.swift; path = GradientText.swift; sourceTree = "<group>"; };
		350113572A66EC7900E16D8E /* GradientButton.swift */ = {isa = PBXFileReference; fileEncoding = 4; lastKnownFileType = sourcecode.swift; path = GradientButton.swift; sourceTree = "<group>"; };
		3501135B2A66ECA400E16D8E /* VisualEffectBlur.swift */ = {isa = PBXFileReference; fileEncoding = 4; lastKnownFileType = sourcecode.swift; path = VisualEffectBlur.swift; sourceTree = "<group>"; };
		3501135D2A66ECAE00E16D8E /* TextfieldIcon.swift */ = {isa = PBXFileReference; fileEncoding = 4; lastKnownFileType = sourcecode.swift; path = TextfieldIcon.swift; sourceTree = "<group>"; };
		3501135F2A681F1A00E16D8E /* WhiteImage.swift */ = {isa = PBXFileReference; lastKnownFileType = sourcecode.swift; path = WhiteImage.swift; sourceTree = "<group>"; };
		350113612A68216C00E16D8E /* ButtonModifiers.swift */ = {isa = PBXFileReference; lastKnownFileType = sourcecode.swift; path = ButtonModifiers.swift; sourceTree = "<group>"; };
		350113632A68250A00E16D8E /* LogoHorizontalScroll.swift */ = {isa = PBXFileReference; lastKnownFileType = sourcecode.swift; path = LogoHorizontalScroll.swift; sourceTree = "<group>"; };
/* End PBXFileReference section */

/* Begin PBXFrameworksBuildPhase section */
		3501131D2A66C49100E16D8E /* Frameworks */ = {
			isa = PBXFrameworksBuildPhase;
			buildActionMask = 2147483647;
			files = (
			);
			runOnlyForDeploymentPostprocessing = 0;
		};
		350113322A66C49200E16D8E /* Frameworks */ = {
			isa = PBXFrameworksBuildPhase;
			buildActionMask = 2147483647;
			files = (
			);
			runOnlyForDeploymentPostprocessing = 0;
		};
		3501133C2A66C49200E16D8E /* Frameworks */ = {
			isa = PBXFrameworksBuildPhase;
			buildActionMask = 2147483647;
			files = (
			);
			runOnlyForDeploymentPostprocessing = 0;
		};
/* End PBXFrameworksBuildPhase section */

/* Begin PBXGroup section */
		350113172A66C49000E16D8E = {
			isa = PBXGroup;
			children = (
				350113222A66C49100E16D8E /* PhotoAI */,
				350113382A66C49200E16D8E /* PhotoAITests */,
				350113422A66C49200E16D8E /* PhotoAIUITests */,
				350113212A66C49100E16D8E /* Products */,
			);
			sourceTree = "<group>";
		};
		350113212A66C49100E16D8E /* Products */ = {
			isa = PBXGroup;
			children = (
				350113202A66C49100E16D8E /* PhotoAI.app */,
				350113352A66C49200E16D8E /* PhotoAITests.xctest */,
				3501133F2A66C49200E16D8E /* PhotoAIUITests.xctest */,
			);
			name = Products;
			sourceTree = "<group>";
		};
		350113222A66C49100E16D8E /* PhotoAI */ = {
			isa = PBXGroup;
			children = (
				350113232A66C49100E16D8E /* PhotoAIApp.swift */,
				350113252A66C49100E16D8E /* ContentView.swift */,
				350113522A66C50D00E16D8E /* PaywallView.swift */,
				350113632A68250A00E16D8E /* LogoHorizontalScroll.swift */,
				350113542A66EC0800E16D8E /* SignUpCard.swift */,
				3501135A2A66EC8000E16D8E /* HelpersUI */,
				350113272A66C49200E16D8E /* Assets.xcassets */,
				3501132C2A66C49200E16D8E /* Persistence.swift */,
				3501132E2A66C49200E16D8E /* PhotoAI.xcdatamodeld */,
				350113292A66C49200E16D8E /* Preview Content */,
			);
			path = PhotoAI;
			sourceTree = "<group>";
		};
		350113292A66C49200E16D8E /* Preview Content */ = {
			isa = PBXGroup;
			children = (
				3501132A2A66C49200E16D8E /* Preview Assets.xcassets */,
			);
			path = "Preview Content";
			sourceTree = "<group>";
		};
		350113382A66C49200E16D8E /* PhotoAITests */ = {
			isa = PBXGroup;
			children = (
				350113392A66C49200E16D8E /* PhotoAITests.swift */,
			);
			path = PhotoAITests;
			sourceTree = "<group>";
		};
		350113422A66C49200E16D8E /* PhotoAIUITests */ = {
			isa = PBXGroup;
			children = (
				350113432A66C49200E16D8E /* PhotoAIUITests.swift */,
				350113452A66C49200E16D8E /* PhotoAIUITestsLaunchTests.swift */,
			);
			path = PhotoAIUITests;
			sourceTree = "<group>";
		};
		3501135A2A66EC8000E16D8E /* HelpersUI */ = {
			isa = PBXGroup;
			children = (
				3501135D2A66ECAE00E16D8E /* TextfieldIcon.swift */,
				3501135B2A66ECA400E16D8E /* VisualEffectBlur.swift */,
				350113572A66EC7900E16D8E /* GradientButton.swift */,
				350113562A66EC7800E16D8E /* GradientText.swift */,
				3501135F2A681F1A00E16D8E /* WhiteImage.swift */,
				350113612A68216C00E16D8E /* ButtonModifiers.swift */,
			);
			path = HelpersUI;
			sourceTree = "<group>";
		};
/* End PBXGroup section */

/* Begin PBXNativeTarget section */
		3501131F2A66C49100E16D8E /* PhotoAI */ = {
			isa = PBXNativeTarget;
			buildConfigurationList = 350113492A66C49200E16D8E /* Build configuration list for PBXNativeTarget "PhotoAI" */;
			buildPhases = (
				3501131C2A66C49100E16D8E /* Sources */,
				3501131D2A66C49100E16D8E /* Frameworks */,
				3501131E2A66C49100E16D8E /* Resources */,
			);
			buildRules = (
			);
			dependencies = (
			);
			name = PhotoAI;
			productName = PhotoAI;
			productReference = 350113202A66C49100E16D8E /* PhotoAI.app */;
			productType = "com.apple.product-type.application";
		};
		350113342A66C49200E16D8E /* PhotoAITests */ = {
			isa = PBXNativeTarget;
			buildConfigurationList = 3501134C2A66C49200E16D8E /* Build configuration list for PBXNativeTarget "PhotoAITests" */;
			buildPhases = (
				350113312A66C49200E16D8E /* Sources */,
				350113322A66C49200E16D8E /* Frameworks */,
				350113332A66C49200E16D8E /* Resources */,
			);
			buildRules = (
			);
			dependencies = (
				350113372A66C49200E16D8E /* PBXTargetDependency */,
			);
			name = PhotoAITests;
			productName = PhotoAITests;
			productReference = 350113352A66C49200E16D8E /* PhotoAITests.xctest */;
			productType = "com.apple.product-type.bundle.unit-test";
		};
		3501133E2A66C49200E16D8E /* PhotoAIUITests */ = {
			isa = PBXNativeTarget;
			buildConfigurationList = 3501134F2A66C49200E16D8E /* Build configuration list for PBXNativeTarget "PhotoAIUITests" */;
			buildPhases = (
				3501133B2A66C49200E16D8E /* Sources */,
				3501133C2A66C49200E16D8E /* Frameworks */,
				3501133D2A66C49200E16D8E /* Resources */,
			);
			buildRules = (
			);
			dependencies = (
				350113412A66C49200E16D8E /* PBXTargetDependency */,
			);
			name = PhotoAIUITests;
			productName = PhotoAIUITests;
			productReference = 3501133F2A66C49200E16D8E /* PhotoAIUITests.xctest */;
			productType = "com.apple.product-type.bundle.ui-testing";
		};
/* End PBXNativeTarget section */

/* Begin PBXProject section */
		350113182A66C49000E16D8E /* Project object */ = {
			isa = PBXProject;
			attributes = {
				BuildIndependentTargetsInParallel = 1;
				LastSwiftUpdateCheck = 1430;
				LastUpgradeCheck = 1430;
				TargetAttributes = {
					3501131F2A66C49100E16D8E = {
						CreatedOnToolsVersion = 14.3.1;
					};
					350113342A66C49200E16D8E = {
						CreatedOnToolsVersion = 14.3.1;
						TestTargetID = 3501131F2A66C49100E16D8E;
					};
					3501133E2A66C49200E16D8E = {
						CreatedOnToolsVersion = 14.3.1;
						TestTargetID = 3501131F2A66C49100E16D8E;
					};
				};
			};
			buildConfigurationList = 3501131B2A66C49100E16D8E /* Build configuration list for PBXProject "PhotoAI" */;
			compatibilityVersion = "Xcode 14.0";
			developmentRegion = en;
			hasScannedForEncodings = 0;
			knownRegions = (
				en,
				Base,
			);
			mainGroup = 350113172A66C49000E16D8E;
			productRefGroup = 350113212A66C49100E16D8E /* Products */;
			projectDirPath = "";
			projectRoot = "";
			targets = (
				3501131F2A66C49100E16D8E /* PhotoAI */,
				350113342A66C49200E16D8E /* PhotoAITests */,
				3501133E2A66C49200E16D8E /* PhotoAIUITests */,
			);
		};
/* End PBXProject section */

/* Begin PBXResourcesBuildPhase section */
		3501131E2A66C49100E16D8E /* Resources */ = {
			isa = PBXResourcesBuildPhase;
			buildActionMask = 2147483647;
			files = (
				3501132B2A66C49200E16D8E /* Preview Assets.xcassets in Resources */,
				350113282A66C49200E16D8E /* Assets.xcassets in Resources */,
			);
			runOnlyForDeploymentPostprocessing = 0;
		};
		350113332A66C49200E16D8E /* Resources */ = {
			isa = PBXResourcesBuildPhase;
			buildActionMask = 2147483647;
			files = (
			);
			runOnlyForDeploymentPostprocessing = 0;
		};
		3501133D2A66C49200E16D8E /* Resources */ = {
			isa = PBXResourcesBuildPhase;
			buildActionMask = 2147483647;
			files = (
			);
			runOnlyForDeploymentPostprocessing = 0;
		};
/* End PBXResourcesBuildPhase section */

/* Begin PBXSourcesBuildPhase section */
		3501131C2A66C49100E16D8E /* Sources */ = {
			isa = PBXSourcesBuildPhase;
			buildActionMask = 2147483647;
			files = (
				350113302A66C49200E16D8E /* PhotoAI.xcdatamodeld in Sources */,
				350113592A66EC7900E16D8E /* GradientButton.swift in Sources */,
				350113582A66EC7900E16D8E /* GradientText.swift in Sources */,
				3501132D2A66C49200E16D8E /* Persistence.swift in Sources */,
				350113642A68250A00E16D8E /* LogoHorizontalScroll.swift in Sources */,
				350113532A66C50D00E16D8E /* PaywallView.swift in Sources */,
				350113552A66EC0800E16D8E /* SignUpCard.swift in Sources */,
				350113622A68216C00E16D8E /* ButtonModifiers.swift in Sources */,
				3501135C2A66ECA400E16D8E /* VisualEffectBlur.swift in Sources */,
				350113262A66C49100E16D8E /* ContentView.swift in Sources */,
				3501135E2A66ECAE00E16D8E /* TextfieldIcon.swift in Sources */,
				350113602A681F1A00E16D8E /* WhiteImage.swift in Sources */,
				350113242A66C49100E16D8E /* PhotoAIApp.swift in Sources */,
			);
			runOnlyForDeploymentPostprocessing = 0;
		};
		350113312A66C49200E16D8E /* Sources */ = {
			isa = PBXSourcesBuildPhase;
			buildActionMask = 2147483647;
			files = (
				3501133A2A66C49200E16D8E /* PhotoAITests.swift in Sources */,
			);
			runOnlyForDeploymentPostprocessing = 0;
		};
		3501133B2A66C49200E16D8E /* Sources */ = {
			isa = PBXSourcesBuildPhase;
			buildActionMask = 2147483647;
			files = (
				350113442A66C49200E16D8E /* PhotoAIUITests.swift in Sources */,
				350113462A66C49200E16D8E /* PhotoAIUITestsLaunchTests.swift in Sources */,
			);
			runOnlyForDeploymentPostprocessing = 0;
		};
/* End PBXSourcesBuildPhase section */

/* Begin PBXTargetDependency section */
		350113372A66C49200E16D8E /* PBXTargetDependency */ = {
			isa = PBXTargetDependency;
			target = 3501131F2A66C49100E16D8E /* PhotoAI */;
			targetProxy = 350113362A66C49200E16D8E /* PBXContainerItemProxy */;
		};
		350113412A66C49200E16D8E /* PBXTargetDependency */ = {
			isa = PBXTargetDependency;
			target = 3501131F2A66C49100E16D8E /* PhotoAI */;
			targetProxy = 350113402A66C49200E16D8E /* PBXContainerItemProxy */;
		};
/* End PBXTargetDependency section */

/* Begin XCBuildConfiguration section */
		350113472A66C49200E16D8E /* Debug */ = {
			isa = XCBuildConfiguration;
			buildSettings = {
				ALWAYS_SEARCH_USER_PATHS = NO;
				CLANG_ANALYZER_NONNULL = YES;
				CLANG_ANALYZER_NUMBER_OBJECT_CONVERSION = YES_AGGRESSIVE;
				CLANG_CXX_LANGUAGE_STANDARD = "gnu++20";
				CLANG_ENABLE_MODULES = YES;
				CLANG_ENABLE_OBJC_ARC = YES;
				CLANG_ENABLE_OBJC_WEAK = YES;
				CLANG_WARN_BLOCK_CAPTURE_AUTORELEASING = YES;
				CLANG_WARN_BOOL_CONVERSION = YES;
				CLANG_WARN_COMMA = YES;
				CLANG_WARN_CONSTANT_CONVERSION = YES;
				CLANG_WARN_DEPRECATED_OBJC_IMPLEMENTATIONS = YES;
				CLANG_WARN_DIRECT_OBJC_ISA_USAGE = YES_ERROR;
				CLANG_WARN_DOCUMENTATION_COMMENTS = YES;
				CLANG_WARN_EMPTY_BODY = YES;
				CLANG_WARN_ENUM_CONVERSION = YES;
				CLANG_WARN_INFINITE_RECURSION = YES;
				CLANG_WARN_INT_CONVERSION = YES;
				CLANG_WARN_NON_LITERAL_NULL_CONVERSION = YES;
				CLANG_WARN_OBJC_IMPLICIT_RETAIN_SELF = YES;
				CLANG_WARN_OBJC_LITERAL_CONVERSION = YES;
				CLANG_WARN_OBJC_ROOT_CLASS = YES_ERROR;
				CLANG_WARN_QUOTED_INCLUDE_IN_FRAMEWORK_HEADER = YES;
				CLANG_WARN_RANGE_LOOP_ANALYSIS = YES;
				CLANG_WARN_STRICT_PROTOTYPES = YES;
				CLANG_WARN_SUSPICIOUS_MOVE = YES;
				CLANG_WARN_UNGUARDED_AVAILABILITY = YES_AGGRESSIVE;
				CLANG_WARN_UNREACHABLE_CODE = YES;
				CLANG_WARN__DUPLICATE_METHOD_MATCH = YES;
				COPY_PHASE_STRIP = NO;
				DEBUG_INFORMATION_FORMAT = dwarf;
				ENABLE_STRICT_OBJC_MSGSEND = YES;
				ENABLE_TESTABILITY = YES;
				GCC_C_LANGUAGE_STANDARD = gnu11;
				GCC_DYNAMIC_NO_PIC = NO;
				GCC_NO_COMMON_BLOCKS = YES;
				GCC_OPTIMIZATION_LEVEL = 0;
				GCC_PREPROCESSOR_DEFINITIONS = (
					"DEBUG=1",
					"$(inherited)",
				);
				GCC_WARN_64_TO_32_BIT_CONVERSION = YES;
				GCC_WARN_ABOUT_RETURN_TYPE = YES_ERROR;
				GCC_WARN_UNDECLARED_SELECTOR = YES;
				GCC_WARN_UNINITIALIZED_AUTOS = YES_AGGRESSIVE;
				GCC_WARN_UNUSED_FUNCTION = YES;
				GCC_WARN_UNUSED_VARIABLE = YES;
				IPHONEOS_DEPLOYMENT_TARGET = 16.4;
				MTL_ENABLE_DEBUG_INFO = INCLUDE_SOURCE;
				MTL_FAST_MATH = YES;
				ONLY_ACTIVE_ARCH = YES;
				SDKROOT = iphoneos;
				SWIFT_ACTIVE_COMPILATION_CONDITIONS = DEBUG;
				SWIFT_OPTIMIZATION_LEVEL = "-Onone";
			};
			name = Debug;
		};
		350113482A66C49200E16D8E /* Release */ = {
			isa = XCBuildConfiguration;
			buildSettings = {
				ALWAYS_SEARCH_USER_PATHS = NO;
				CLANG_ANALYZER_NONNULL = YES;
				CLANG_ANALYZER_NUMBER_OBJECT_CONVERSION = YES_AGGRESSIVE;
				CLANG_CXX_LANGUAGE_STANDARD = "gnu++20";
				CLANG_ENABLE_MODULES = YES;
				CLANG_ENABLE_OBJC_ARC = YES;
				CLANG_ENABLE_OBJC_WEAK = YES;
				CLANG_WARN_BLOCK_CAPTURE_AUTORELEASING = YES;
				CLANG_WARN_BOOL_CONVERSION = YES;
				CLANG_WARN_COMMA = YES;
				CLANG_WARN_CONSTANT_CONVERSION = YES;
				CLANG_WARN_DEPRECATED_OBJC_IMPLEMENTATIONS = YES;
				CLANG_WARN_DIRECT_OBJC_ISA_USAGE = YES_ERROR;
				CLANG_WARN_DOCUMENTATION_COMMENTS = YES;
				CLANG_WARN_EMPTY_BODY = YES;
				CLANG_WARN_ENUM_CONVERSION = YES;
				CLANG_WARN_INFINITE_RECURSION = YES;
				CLANG_WARN_INT_CONVERSION = YES;
				CLANG_WARN_NON_LITERAL_NULL_CONVERSION = YES;
				CLANG_WARN_OBJC_IMPLICIT_RETAIN_SELF = YES;
				CLANG_WARN_OBJC_LITERAL_CONVERSION = YES;
				CLANG_WARN_OBJC_ROOT_CLASS = YES_ERROR;
				CLANG_WARN_QUOTED_INCLUDE_IN_FRAMEWORK_HEADER = YES;
				CLANG_WARN_RANGE_LOOP_ANALYSIS = YES;
				CLANG_WARN_STRICT_PROTOTYPES = YES;
				CLANG_WARN_SUSPICIOUS_MOVE = YES;
				CLANG_WARN_UNGUARDED_AVAILABILITY = YES_AGGRESSIVE;
				CLANG_WARN_UNREACHABLE_CODE = YES;
				CLANG_WARN__DUPLICATE_METHOD_MATCH = YES;
				COPY_PHASE_STRIP = NO;
				DEBUG_INFORMATION_FORMAT = "dwarf-with-dsym";
				ENABLE_NS_ASSERTIONS = NO;
				ENABLE_STRICT_OBJC_MSGSEND = YES;
				GCC_C_LANGUAGE_STANDARD = gnu11;
				GCC_NO_COMMON_BLOCKS = YES;
				GCC_WARN_64_TO_32_BIT_CONVERSION = YES;
				GCC_WARN_ABOUT_RETURN_TYPE = YES_ERROR;
				GCC_WARN_UNDECLARED_SELECTOR = YES;
				GCC_WARN_UNINITIALIZED_AUTOS = YES_AGGRESSIVE;
				GCC_WARN_UNUSED_FUNCTION = YES;
				GCC_WARN_UNUSED_VARIABLE = YES;
				IPHONEOS_DEPLOYMENT_TARGET = 16.4;
				MTL_ENABLE_DEBUG_INFO = NO;
				MTL_FAST_MATH = YES;
				SDKROOT = iphoneos;
				SWIFT_COMPILATION_MODE = wholemodule;
				SWIFT_OPTIMIZATION_LEVEL = "-O";
				VALIDATE_PRODUCT = YES;
			};
			name = Release;
		};
		3501134A2A66C49200E16D8E /* Debug */ = {
			isa = XCBuildConfiguration;
			buildSettings = {
				ASSETCATALOG_COMPILER_APPICON_NAME = AppIcon;
				ASSETCATALOG_COMPILER_GLOBAL_ACCENT_COLOR_NAME = AccentColor;
				CODE_SIGN_STYLE = Automatic;
				CURRENT_PROJECT_VERSION = 1;
				DEVELOPMENT_ASSET_PATHS = "\"PhotoAI/Preview Content\"";
				DEVELOPMENT_TEAM = 7EA538H3Z8;
				ENABLE_PREVIEWS = YES;
				GENERATE_INFOPLIST_FILE = YES;
				INFOPLIST_KEY_UIApplicationSceneManifest_Generation = YES;
				INFOPLIST_KEY_UIApplicationSupportsIndirectInputEvents = YES;
				INFOPLIST_KEY_UILaunchScreen_Generation = YES;
				INFOPLIST_KEY_UISupportedInterfaceOrientations_iPad = "UIInterfaceOrientationPortrait UIInterfaceOrientationPortraitUpsideDown UIInterfaceOrientationLandscapeLeft UIInterfaceOrientationLandscapeRight";
				INFOPLIST_KEY_UISupportedInterfaceOrientations_iPhone = "UIInterfaceOrientationPortrait UIInterfaceOrientationLandscapeLeft UIInterfaceOrientationLandscapeRight";
				LD_RUNPATH_SEARCH_PATHS = (
					"$(inherited)",
					"@executable_path/Frameworks",
				);
				MARKETING_VERSION = 1.0;
				PRODUCT_BUNDLE_IDENTIFIER = "Jacob-Ruranski.PhotoAI";
				PRODUCT_NAME = "$(TARGET_NAME)";
				SWIFT_EMIT_LOC_STRINGS = YES;
				SWIFT_VERSION = 5.0;
				TARGETED_DEVICE_FAMILY = "1,2";
			};
			name = Debug;
		};
		3501134B2A66C49200E16D8E /* Release */ = {
			isa = XCBuildConfiguration;
			buildSettings = {
				ASSETCATALOG_COMPILER_APPICON_NAME = AppIcon;
				ASSETCATALOG_COMPILER_GLOBAL_ACCENT_COLOR_NAME = AccentColor;
				CODE_SIGN_STYLE = Automatic;
				CURRENT_PROJECT_VERSION = 1;
				DEVELOPMENT_ASSET_PATHS = "\"PhotoAI/Preview Content\"";
				DEVELOPMENT_TEAM = 7EA538H3Z8;
				ENABLE_PREVIEWS = YES;
				GENERATE_INFOPLIST_FILE = YES;
				INFOPLIST_KEY_UIApplicationSceneManifest_Generation = YES;
				INFOPLIST_KEY_UIApplicationSupportsIndirectInputEvents = YES;
				INFOPLIST_KEY_UILaunchScreen_Generation = YES;
				INFOPLIST_KEY_UISupportedInterfaceOrientations_iPad = "UIInterfaceOrientationPortrait UIInterfaceOrientationPortraitUpsideDown UIInterfaceOrientationLandscapeLeft UIInterfaceOrientationLandscapeRight";
				INFOPLIST_KEY_UISupportedInterfaceOrientations_iPhone = "UIInterfaceOrientationPortrait UIInterfaceOrientationLandscapeLeft UIInterfaceOrientationLandscapeRight";
				LD_RUNPATH_SEARCH_PATHS = (
					"$(inherited)",
					"@executable_path/Frameworks",
				);
				MARKETING_VERSION = 1.0;
				PRODUCT_BUNDLE_IDENTIFIER = "Jacob-Ruranski.PhotoAI";
				PRODUCT_NAME = "$(TARGET_NAME)";
				SWIFT_EMIT_LOC_STRINGS = YES;
				SWIFT_VERSION = 5.0;
				TARGETED_DEVICE_FAMILY = "1,2";
			};
			name = Release;
		};
		3501134D2A66C49200E16D8E /* Debug */ = {
			isa = XCBuildConfiguration;
			buildSettings = {
				ALWAYS_EMBED_SWIFT_STANDARD_LIBRARIES = YES;
				BUNDLE_LOADER = "$(TEST_HOST)";
				CODE_SIGN_STYLE = Automatic;
				CURRENT_PROJECT_VERSION = 1;
				DEVELOPMENT_TEAM = 7EA538H3Z8;
				GENERATE_INFOPLIST_FILE = YES;
				IPHONEOS_DEPLOYMENT_TARGET = 16.4;
				MARKETING_VERSION = 1.0;
				PRODUCT_BUNDLE_IDENTIFIER = "Jacob-Ruranski.PhotoAITests";
				PRODUCT_NAME = "$(TARGET_NAME)";
				SWIFT_EMIT_LOC_STRINGS = NO;
				SWIFT_VERSION = 5.0;
				TARGETED_DEVICE_FAMILY = "1,2";
				TEST_HOST = "$(BUILT_PRODUCTS_DIR)/PhotoAI.app/$(BUNDLE_EXECUTABLE_FOLDER_PATH)/PhotoAI";
			};
			name = Debug;
		};
		3501134E2A66C49200E16D8E /* Release */ = {
			isa = XCBuildConfiguration;
			buildSettings = {
				ALWAYS_EMBED_SWIFT_STANDARD_LIBRARIES = YES;
				BUNDLE_LOADER = "$(TEST_HOST)";
				CODE_SIGN_STYLE = Automatic;
				CURRENT_PROJECT_VERSION = 1;
				DEVELOPMENT_TEAM = 7EA538H3Z8;
				GENERATE_INFOPLIST_FILE = YES;
				IPHONEOS_DEPLOYMENT_TARGET = 16.4;
				MARKETING_VERSION = 1.0;
				PRODUCT_BUNDLE_IDENTIFIER = "Jacob-Ruranski.PhotoAITests";
				PRODUCT_NAME = "$(TARGET_NAME)";
				SWIFT_EMIT_LOC_STRINGS = NO;
				SWIFT_VERSION = 5.0;
				TARGETED_DEVICE_FAMILY = "1,2";
				TEST_HOST = "$(BUILT_PRODUCTS_DIR)/PhotoAI.app/$(BUNDLE_EXECUTABLE_FOLDER_PATH)/PhotoAI";
			};
			name = Release;
		};
		350113502A66C49200E16D8E /* Debug */ = {
			isa = XCBuildConfiguration;
			buildSettings = {
				ALWAYS_EMBED_SWIFT_STANDARD_LIBRARIES = YES;
				CODE_SIGN_STYLE = Automatic;
				CURRENT_PROJECT_VERSION = 1;
				DEVELOPMENT_TEAM = 7EA538H3Z8;
				GENERATE_INFOPLIST_FILE = YES;
				MARKETING_VERSION = 1.0;
				PRODUCT_BUNDLE_IDENTIFIER = "Jacob-Ruranski.PhotoAIUITests";
				PRODUCT_NAME = "$(TARGET_NAME)";
				SWIFT_EMIT_LOC_STRINGS = NO;
				SWIFT_VERSION = 5.0;
				TARGETED_DEVICE_FAMILY = "1,2";
				TEST_TARGET_NAME = PhotoAI;
			};
			name = Debug;
		};
		350113512A66C49200E16D8E /* Release */ = {
			isa = XCBuildConfiguration;
			buildSettings = {
				ALWAYS_EMBED_SWIFT_STANDARD_LIBRARIES = YES;
				CODE_SIGN_STYLE = Automatic;
				CURRENT_PROJECT_VERSION = 1;
				DEVELOPMENT_TEAM = 7EA538H3Z8;
				GENERATE_INFOPLIST_FILE = YES;
				MARKETING_VERSION = 1.0;
				PRODUCT_BUNDLE_IDENTIFIER = "Jacob-Ruranski.PhotoAIUITests";
				PRODUCT_NAME = "$(TARGET_NAME)";
				SWIFT_EMIT_LOC_STRINGS = NO;
				SWIFT_VERSION = 5.0;
				TARGETED_DEVICE_FAMILY = "1,2";
				TEST_TARGET_NAME = PhotoAI;
			};
			name = Release;
		};
/* End XCBuildConfiguration section */

/* Begin XCConfigurationList section */
		3501131B2A66C49100E16D8E /* Build configuration list for PBXProject "PhotoAI" */ = {
			isa = XCConfigurationList;
			buildConfigurations = (
				350113472A66C49200E16D8E /* Debug */,
				350113482A66C49200E16D8E /* Release */,
			);
			defaultConfigurationIsVisible = 0;
			defaultConfigurationName = Release;
		};
		350113492A66C49200E16D8E /* Build configuration list for PBXNativeTarget "PhotoAI" */ = {
			isa = XCConfigurationList;
			buildConfigurations = (
				3501134A2A66C49200E16D8E /* Debug */,
				3501134B2A66C49200E16D8E /* Release */,
			);
			defaultConfigurationIsVisible = 0;
			defaultConfigurationName = Release;
		};
		3501134C2A66C49200E16D8E /* Build configuration list for PBXNativeTarget "PhotoAITests" */ = {
			isa = XCConfigurationList;
			buildConfigurations = (
				3501134D2A66C49200E16D8E /* Debug */,
				3501134E2A66C49200E16D8E /* Release */,
			);
			defaultConfigurationIsVisible = 0;
			defaultConfigurationName = Release;
		};
		3501134F2A66C49200E16D8E /* Build configuration list for PBXNativeTarget "PhotoAIUITests" */ = {
			isa = XCConfigurationList;
			buildConfigurations = (
				350113502A66C49200E16D8E /* Debug */,
				350113512A66C49200E16D8E /* Release */,
			);
			defaultConfigurationIsVisible = 0;
			defaultConfigurationName = Release;
		};
/* End XCConfigurationList section */

/* Begin XCVersionGroup section */
		3501132E2A66C49200E16D8E /* PhotoAI.xcdatamodeld */ = {
			isa = XCVersionGroup;
			children = (
				3501132F2A66C49200E16D8E /* PhotoAI.xcdatamodel */,
			);
			currentVersion = 3501132F2A66C49200E16D8E /* PhotoAI.xcdatamodel */;
			path = PhotoAI.xcdatamodeld;
			sourceTree = "<group>";
			versionGroupType = wrapper.xcdatamodel;
		};
/* End XCVersionGroup section */
	};
	rootObject = 350113182A66C49000E16D8E /* Project object */;
}
